// !$*UTF8*$!
{
	archiveVersion = 1;
	classes = {
	};
	objectVersion = 46;
	objects = {

/* Begin PBXBuildFile section */
		90B8EE1F1E629252009BE58E /* SearchTableViewController.m in Sources */ = {isa = PBXBuildFile; fileRef = 90B8EE1E1E629252009BE58E /* SearchTableViewController.m */; };
		90B8EE221E6389D0009BE58E /* ResultsTableViewController.m in Sources */ = {isa = PBXBuildFile; fileRef = 90B8EE211E6389D0009BE58E /* ResultsTableViewController.m */; };
		90B8EE251E65C2E2009BE58E /* SetTableViewController.m in Sources */ = {isa = PBXBuildFile; fileRef = 90B8EE241E65C2E2009BE58E /* SetTableViewController.m */; };
		90B8EE2E1E6B74D0009BE58E /* SetDetailTableViewController.m in Sources */ = {isa = PBXBuildFile; fileRef = 90B8EE2D1E6B74D0009BE58E /* SetDetailTableViewController.m */; };
		90B8EE341E6FB370009BE58E /* MissingBricksTableViewController.m in Sources */ = {isa = PBXBuildFile; fileRef = 90B8EE331E6FB370009BE58E /* MissingBricksTableViewController.m */; };
		90B8EE3A1E7258CD009BE58E /* BrickResultsTableViewController.m in Sources */ = {isa = PBXBuildFile; fileRef = 90B8EE391E7258CD009BE58E /* BrickResultsTableViewController.m */; };
		90B8EE3D1E76C948009BE58E /* FindBrickResultsTableViewController.m in Sources */ = {isa = PBXBuildFile; fileRef = 90B8EE3C1E76C947009BE58E /* FindBrickResultsTableViewController.m */; };
		90B8EE401E796E90009BE58E /* InfoTableViewController.m in Sources */ = {isa = PBXBuildFile; fileRef = 90B8EE3F1E796E90009BE58E /* InfoTableViewController.m */; };
		90B8EE431E815C3F009BE58E /* CoreDataStack.m in Sources */ = {isa = PBXBuildFile; fileRef = 90B8EE421E815C3F009BE58E /* CoreDataStack.m */; };
		90B8EE481E83F04F009BE58E /* LegoCollection.xcdatamodeld in Sources */ = {isa = PBXBuildFile; fileRef = 90B8EE461E83F04F009BE58E /* LegoCollection.xcdatamodeld */; };
		90B8EE661E83F842009BE58E /* Brick.m in Sources */ = {isa = PBXBuildFile; fileRef = 90B8EE5F1E83F842009BE58E /* Brick.m */; };
		90B8EE671E83F842009BE58E /* Brick+CoreDataProperties.m in Sources */ = {isa = PBXBuildFile; fileRef = 90B8EE611E83F842009BE58E /* Brick+CoreDataProperties.m */; };
		90B8EE681E83F842009BE58E /* Set.m in Sources */ = {isa = PBXBuildFile; fileRef = 90B8EE631E83F842009BE58E /* Set.m */; };
		90B8EE691E83F842009BE58E /* Set+CoreDataProperties.m in Sources */ = {isa = PBXBuildFile; fileRef = 90B8EE651E83F842009BE58E /* Set+CoreDataProperties.m */; };
		90B8EE971E8B4CEB009BE58E /* LegoCollectionTests.m in Sources */ = {isa = PBXBuildFile; fileRef = 90B8EE961E8B4CEB009BE58E /* LegoCollectionTests.m */; };
		90B8EE9F1E8B4DF4009BE58E /* SetTests.m in Sources */ = {isa = PBXBuildFile; fileRef = 90B8EE9E1E8B4DF4009BE58E /* SetTests.m */; };
		90B8EED01E8D381D009BE58E /* LegoCollectionUITests.m in Sources */ = {isa = PBXBuildFile; fileRef = 90B8EECF1E8D381D009BE58E /* LegoCollectionUITests.m */; };
		90C60B581E622740006941C0 /* main.m in Sources */ = {isa = PBXBuildFile; fileRef = 90C60B571E622740006941C0 /* main.m */; };
		90C60B5B1E622740006941C0 /* AppDelegate.m in Sources */ = {isa = PBXBuildFile; fileRef = 90C60B5A1E622740006941C0 /* AppDelegate.m */; };
		90C60B611E622740006941C0 /* Main.storyboard in Resources */ = {isa = PBXBuildFile; fileRef = 90C60B5F1E622740006941C0 /* Main.storyboard */; };
		90C60B631E622740006941C0 /* Assets.xcassets in Resources */ = {isa = PBXBuildFile; fileRef = 90C60B621E622740006941C0 /* Assets.xcassets */; };
		90C60B661E622740006941C0 /* LaunchScreen.storyboard in Resources */ = {isa = PBXBuildFile; fileRef = 90C60B641E622740006941C0 /* LaunchScreen.storyboard */; };
/* End PBXBuildFile section */

/* Begin PBXContainerItemProxy section */
		90B8EE991E8B4CEB009BE58E /* PBXContainerItemProxy */ = {
			isa = PBXContainerItemProxy;
			containerPortal = 90C60B4B1E622740006941C0 /* Project object */;
			proxyType = 1;
			remoteGlobalIDString = 90C60B521E622740006941C0;
			remoteInfo = LegoCollection;
		};
		90B8EED21E8D381D009BE58E /* PBXContainerItemProxy */ = {
			isa = PBXContainerItemProxy;
			containerPortal = 90C60B4B1E622740006941C0 /* Project object */;
			proxyType = 1;
			remoteGlobalIDString = 90C60B521E622740006941C0;
			remoteInfo = LegoCollection;
		};
/* End PBXContainerItemProxy section */

/* Begin PBXFileReference section */
		90B8EE1D1E629252009BE58E /* SearchTableViewController.h */ = {isa = PBXFileReference; fileEncoding = 4; lastKnownFileType = sourcecode.c.h; path = SearchTableViewController.h; sourceTree = "<group>"; };
		90B8EE1E1E629252009BE58E /* SearchTableViewController.m */ = {isa = PBXFileReference; fileEncoding = 4; lastKnownFileType = sourcecode.c.objc; path = SearchTableViewController.m; sourceTree = "<group>"; };
		90B8EE201E6389D0009BE58E /* ResultsTableViewController.h */ = {isa = PBXFileReference; fileEncoding = 4; lastKnownFileType = sourcecode.c.h; path = ResultsTableViewController.h; sourceTree = "<group>"; };
		90B8EE211E6389D0009BE58E /* ResultsTableViewController.m */ = {isa = PBXFileReference; fileEncoding = 4; lastKnownFileType = sourcecode.c.objc; path = ResultsTableViewController.m; sourceTree = "<group>"; };
		90B8EE231E65C2E2009BE58E /* SetTableViewController.h */ = {isa = PBXFileReference; fileEncoding = 4; lastKnownFileType = sourcecode.c.h; path = SetTableViewController.h; sourceTree = "<group>"; };
		90B8EE241E65C2E2009BE58E /* SetTableViewController.m */ = {isa = PBXFileReference; fileEncoding = 4; lastKnownFileType = sourcecode.c.objc; path = SetTableViewController.m; sourceTree = "<group>"; };
		90B8EE2C1E6B74D0009BE58E /* SetDetailTableViewController.h */ = {isa = PBXFileReference; fileEncoding = 4; lastKnownFileType = sourcecode.c.h; path = SetDetailTableViewController.h; sourceTree = "<group>"; };
		90B8EE2D1E6B74D0009BE58E /* SetDetailTableViewController.m */ = {isa = PBXFileReference; fileEncoding = 4; lastKnownFileType = sourcecode.c.objc; path = SetDetailTableViewController.m; sourceTree = "<group>"; };
		90B8EE321E6FB370009BE58E /* MissingBricksTableViewController.h */ = {isa = PBXFileReference; fileEncoding = 4; lastKnownFileType = sourcecode.c.h; path = MissingBricksTableViewController.h; sourceTree = "<group>"; };
		90B8EE331E6FB370009BE58E /* MissingBricksTableViewController.m */ = {isa = PBXFileReference; fileEncoding = 4; lastKnownFileType = sourcecode.c.objc; path = MissingBricksTableViewController.m; sourceTree = "<group>"; };
		90B8EE381E7258CD009BE58E /* BrickResultsTableViewController.h */ = {isa = PBXFileReference; fileEncoding = 4; lastKnownFileType = sourcecode.c.h; path = BrickResultsTableViewController.h; sourceTree = "<group>"; };
		90B8EE391E7258CD009BE58E /* BrickResultsTableViewController.m */ = {isa = PBXFileReference; fileEncoding = 4; lastKnownFileType = sourcecode.c.objc; path = BrickResultsTableViewController.m; sourceTree = "<group>"; };
		90B8EE3B1E76C947009BE58E /* FindBrickResultsTableViewController.h */ = {isa = PBXFileReference; fileEncoding = 4; lastKnownFileType = sourcecode.c.h; path = FindBrickResultsTableViewController.h; sourceTree = "<group>"; };
		90B8EE3C1E76C947009BE58E /* FindBrickResultsTableViewController.m */ = {isa = PBXFileReference; fileEncoding = 4; lastKnownFileType = sourcecode.c.objc; path = FindBrickResultsTableViewController.m; sourceTree = "<group>"; };
		90B8EE3E1E796E90009BE58E /* InfoTableViewController.h */ = {isa = PBXFileReference; fileEncoding = 4; lastKnownFileType = sourcecode.c.h; path = InfoTableViewController.h; sourceTree = "<group>"; };
		90B8EE3F1E796E90009BE58E /* InfoTableViewController.m */ = {isa = PBXFileReference; fileEncoding = 4; lastKnownFileType = sourcecode.c.objc; path = InfoTableViewController.m; sourceTree = "<group>"; };
		90B8EE411E815C3F009BE58E /* CoreDataStack.h */ = {isa = PBXFileReference; fileEncoding = 4; lastKnownFileType = sourcecode.c.h; path = CoreDataStack.h; sourceTree = "<group>"; };
		90B8EE421E815C3F009BE58E /* CoreDataStack.m */ = {isa = PBXFileReference; fileEncoding = 4; lastKnownFileType = sourcecode.c.objc; path = CoreDataStack.m; sourceTree = "<group>"; };
		90B8EE471E83F04F009BE58E /* LegoCollection.xcdatamodel */ = {isa = PBXFileReference; lastKnownFileType = wrapper.xcdatamodel; path = LegoCollection.xcdatamodel; sourceTree = "<group>"; };
		90B8EE5E1E83F842009BE58E /* Brick.h */ = {isa = PBXFileReference; fileEncoding = 4; lastKnownFileType = sourcecode.c.h; path = Brick.h; sourceTree = "<group>"; };
		90B8EE5F1E83F842009BE58E /* Brick.m */ = {isa = PBXFileReference; fileEncoding = 4; lastKnownFileType = sourcecode.c.objc; path = Brick.m; sourceTree = "<group>"; };
		90B8EE601E83F842009BE58E /* Brick+CoreDataProperties.h */ = {isa = PBXFileReference; fileEncoding = 4; lastKnownFileType = sourcecode.c.h; path = "Brick+CoreDataProperties.h"; sourceTree = "<group>"; };
		90B8EE611E83F842009BE58E /* Brick+CoreDataProperties.m */ = {isa = PBXFileReference; fileEncoding = 4; lastKnownFileType = sourcecode.c.objc; path = "Brick+CoreDataProperties.m"; sourceTree = "<group>"; };
		90B8EE621E83F842009BE58E /* Set.h */ = {isa = PBXFileReference; fileEncoding = 4; lastKnownFileType = sourcecode.c.h; path = Set.h; sourceTree = "<group>"; };
		90B8EE631E83F842009BE58E /* Set.m */ = {isa = PBXFileReference; fileEncoding = 4; lastKnownFileType = sourcecode.c.objc; path = Set.m; sourceTree = "<group>"; };
		90B8EE641E83F842009BE58E /* Set+CoreDataProperties.h */ = {isa = PBXFileReference; fileEncoding = 4; lastKnownFileType = sourcecode.c.h; path = "Set+CoreDataProperties.h"; sourceTree = "<group>"; };
		90B8EE651E83F842009BE58E /* Set+CoreDataProperties.m */ = {isa = PBXFileReference; fileEncoding = 4; lastKnownFileType = sourcecode.c.objc; path = "Set+CoreDataProperties.m"; sourceTree = "<group>"; };
		90B8EE941E8B4CEB009BE58E /* LegoCollectionTests.xctest */ = {isa = PBXFileReference; explicitFileType = wrapper.cfbundle; includeInIndex = 0; path = LegoCollectionTests.xctest; sourceTree = BUILT_PRODUCTS_DIR; };
		90B8EE961E8B4CEB009BE58E /* LegoCollectionTests.m */ = {isa = PBXFileReference; lastKnownFileType = sourcecode.c.objc; path = LegoCollectionTests.m; sourceTree = "<group>"; };
		90B8EE981E8B4CEB009BE58E /* Info.plist */ = {isa = PBXFileReference; lastKnownFileType = text.plist.xml; path = Info.plist; sourceTree = "<group>"; };
		90B8EE9E1E8B4DF4009BE58E /* SetTests.m */ = {isa = PBXFileReference; fileEncoding = 4; lastKnownFileType = sourcecode.c.objc; path = SetTests.m; sourceTree = "<group>"; };
		90B8EECD1E8D381D009BE58E /* LegoCollectionUITests.xctest */ = {isa = PBXFileReference; explicitFileType = wrapper.cfbundle; includeInIndex = 0; path = LegoCollectionUITests.xctest; sourceTree = BUILT_PRODUCTS_DIR; };
		90B8EECF1E8D381D009BE58E /* LegoCollectionUITests.m */ = {isa = PBXFileReference; lastKnownFileType = sourcecode.c.objc; path = LegoCollectionUITests.m; sourceTree = "<group>"; };
		90B8EED11E8D381D009BE58E /* Info.plist */ = {isa = PBXFileReference; lastKnownFileType = text.plist.xml; path = Info.plist; sourceTree = "<group>"; };
		90BCD76B1E93D23100F4801B /* LegoCollectionV2.xcdatamodel */ = {isa = PBXFileReference; lastKnownFileType = wrapper.xcdatamodel; path = LegoCollectionV2.xcdatamodel; sourceTree = "<group>"; };
		90C60B531E622740006941C0 /* LegoCollection.app */ = {isa = PBXFileReference; explicitFileType = wrapper.application; includeInIndex = 0; path = LegoCollection.app; sourceTree = BUILT_PRODUCTS_DIR; };
		90C60B571E622740006941C0 /* main.m */ = {isa = PBXFileReference; lastKnownFileType = sourcecode.c.objc; path = main.m; sourceTree = "<group>"; };
		90C60B591E622740006941C0 /* AppDelegate.h */ = {isa = PBXFileReference; lastKnownFileType = sourcecode.c.h; path = AppDelegate.h; sourceTree = "<group>"; };
		90C60B5A1E622740006941C0 /* AppDelegate.m */ = {isa = PBXFileReference; lastKnownFileType = sourcecode.c.objc; path = AppDelegate.m; sourceTree = "<group>"; };
		90C60B601E622740006941C0 /* Base */ = {isa = PBXFileReference; lastKnownFileType = file.storyboard; name = Base; path = Base.lproj/Main.storyboard; sourceTree = "<group>"; };
		90C60B621E622740006941C0 /* Assets.xcassets */ = {isa = PBXFileReference; lastKnownFileType = folder.assetcatalog; path = Assets.xcassets; sourceTree = "<group>"; };
		90C60B651E622740006941C0 /* Base */ = {isa = PBXFileReference; lastKnownFileType = file.storyboard; name = Base; path = Base.lproj/LaunchScreen.storyboard; sourceTree = "<group>"; };
		90C60B671E622740006941C0 /* Info.plist */ = {isa = PBXFileReference; lastKnownFileType = text.plist.xml; path = Info.plist; sourceTree = "<group>"; };
/* End PBXFileReference section */

/* Begin PBXFrameworksBuildPhase section */
		90B8EE911E8B4CEB009BE58E /* Frameworks */ = {
			isa = PBXFrameworksBuildPhase;
			buildActionMask = 2147483647;
			files = (
			);
			runOnlyForDeploymentPostprocessing = 0;
		};
		90B8EECA1E8D381D009BE58E /* Frameworks */ = {
			isa = PBXFrameworksBuildPhase;
			buildActionMask = 2147483647;
			files = (
			);
			runOnlyForDeploymentPostprocessing = 0;
		};
		90C60B501E622740006941C0 /* Frameworks */ = {
			isa = PBXFrameworksBuildPhase;
			buildActionMask = 2147483647;
			files = (
			);
			runOnlyForDeploymentPostprocessing = 0;
		};
/* End PBXFrameworksBuildPhase section */

/* Begin PBXGroup section */
		90B8EE441E82A88A009BE58E /* Models */ = {
			isa = PBXGroup;
			children = (
				90B8EE641E83F842009BE58E /* Set+CoreDataProperties.h */,
				90B8EE651E83F842009BE58E /* Set+CoreDataProperties.m */,
				90B8EE621E83F842009BE58E /* Set.h */,
				90B8EE631E83F842009BE58E /* Set.m */,
				90B8EE601E83F842009BE58E /* Brick+CoreDataProperties.h */,
				90B8EE611E83F842009BE58E /* Brick+CoreDataProperties.m */,
				90B8EE5E1E83F842009BE58E /* Brick.h */,
				90B8EE5F1E83F842009BE58E /* Brick.m */,
				90B8EE411E815C3F009BE58E /* CoreDataStack.h */,
				90B8EE421E815C3F009BE58E /* CoreDataStack.m */,
				90B8EE461E83F04F009BE58E /* LegoCollection.xcdatamodeld */,
			);
			name = Models;
			sourceTree = "<group>";
		};
		90B8EE451E82A8A7009BE58E /* Controllers */ = {
			isa = PBXGroup;
			children = (
				90B8EE231E65C2E2009BE58E /* SetTableViewController.h */,
				90B8EE241E65C2E2009BE58E /* SetTableViewController.m */,
				90B8EE2C1E6B74D0009BE58E /* SetDetailTableViewController.h */,
				90B8EE2D1E6B74D0009BE58E /* SetDetailTableViewController.m */,
				90B8EE1D1E629252009BE58E /* SearchTableViewController.h */,
				90B8EE1E1E629252009BE58E /* SearchTableViewController.m */,
				90B8EE201E6389D0009BE58E /* ResultsTableViewController.h */,
				90B8EE211E6389D0009BE58E /* ResultsTableViewController.m */,
				90B8EE381E7258CD009BE58E /* BrickResultsTableViewController.h */,
				90B8EE391E7258CD009BE58E /* BrickResultsTableViewController.m */,
				90B8EE321E6FB370009BE58E /* MissingBricksTableViewController.h */,
				90B8EE331E6FB370009BE58E /* MissingBricksTableViewController.m */,
				90B8EE3B1E76C947009BE58E /* FindBrickResultsTableViewController.h */,
				90B8EE3C1E76C947009BE58E /* FindBrickResultsTableViewController.m */,
				90B8EE3E1E796E90009BE58E /* InfoTableViewController.h */,
				90B8EE3F1E796E90009BE58E /* InfoTableViewController.m */,
			);
			name = Controllers;
			sourceTree = "<group>";
		};
		90B8EE951E8B4CEB009BE58E /* LegoCollectionTests */ = {
			isa = PBXGroup;
			children = (
				90B8EE9E1E8B4DF4009BE58E /* SetTests.m */,
				90B8EE961E8B4CEB009BE58E /* LegoCollectionTests.m */,
				90B8EE981E8B4CEB009BE58E /* Info.plist */,
			);
			path = LegoCollectionTests;
			sourceTree = "<group>";
		};
		90B8EECE1E8D381D009BE58E /* LegoCollectionUITests */ = {
			isa = PBXGroup;
			children = (
				90B8EECF1E8D381D009BE58E /* LegoCollectionUITests.m */,
				90B8EED11E8D381D009BE58E /* Info.plist */,
			);
			path = LegoCollectionUITests;
			sourceTree = "<group>";
		};
		90C60B4A1E622740006941C0 = {
			isa = PBXGroup;
			children = (
				90C60B551E622740006941C0 /* LegoCollection */,
				90B8EE951E8B4CEB009BE58E /* LegoCollectionTests */,
				90B8EECE1E8D381D009BE58E /* LegoCollectionUITests */,
				90C60B541E622740006941C0 /* Products */,
			);
			sourceTree = "<group>";
		};
		90C60B541E622740006941C0 /* Products */ = {
			isa = PBXGroup;
			children = (
				90C60B531E622740006941C0 /* LegoCollection.app */,
				90B8EE941E8B4CEB009BE58E /* LegoCollectionTests.xctest */,
				90B8EECD1E8D381D009BE58E /* LegoCollectionUITests.xctest */,
			);
			name = Products;
			sourceTree = "<group>";
		};
		90C60B551E622740006941C0 /* LegoCollection */ = {
			isa = PBXGroup;
			children = (
				90C60B591E622740006941C0 /* AppDelegate.h */,
				90C60B5A1E622740006941C0 /* AppDelegate.m */,
				90B8EE451E82A8A7009BE58E /* Controllers */,
				90B8EE441E82A88A009BE58E /* Models */,
				90C60B5F1E622740006941C0 /* Main.storyboard */,
				90C60B621E622740006941C0 /* Assets.xcassets */,
				90C60B641E622740006941C0 /* LaunchScreen.storyboard */,
				90C60B671E622740006941C0 /* Info.plist */,
				90C60B561E622740006941C0 /* Supporting Files */,
			);
			path = LegoCollection;
			sourceTree = "<group>";
		};
		90C60B561E622740006941C0 /* Supporting Files */ = {
			isa = PBXGroup;
			children = (
				90C60B571E622740006941C0 /* main.m */,
			);
			name = "Supporting Files";
			sourceTree = "<group>";
		};
/* End PBXGroup section */

/* Begin PBXNativeTarget section */
		90B8EE931E8B4CEB009BE58E /* LegoCollectionTests */ = {
			isa = PBXNativeTarget;
			buildConfigurationList = 90B8EE9D1E8B4CEB009BE58E /* Build configuration list for PBXNativeTarget "LegoCollectionTests" */;
			buildPhases = (
				90B8EE901E8B4CEB009BE58E /* Sources */,
				90B8EE911E8B4CEB009BE58E /* Frameworks */,
				90B8EE921E8B4CEB009BE58E /* Resources */,
			);
			buildRules = (
			);
			dependencies = (
				90B8EE9A1E8B4CEB009BE58E /* PBXTargetDependency */,
			);
			name = LegoCollectionTests;
			productName = LegoCollectionTests;
			productReference = 90B8EE941E8B4CEB009BE58E /* LegoCollectionTests.xctest */;
			productType = "com.apple.product-type.bundle.unit-test";
		};
		90B8EECC1E8D381D009BE58E /* LegoCollectionUITests */ = {
			isa = PBXNativeTarget;
			buildConfigurationList = 90B8EED41E8D381D009BE58E /* Build configuration list for PBXNativeTarget "LegoCollectionUITests" */;
			buildPhases = (
				90B8EEC91E8D381D009BE58E /* Sources */,
				90B8EECA1E8D381D009BE58E /* Frameworks */,
				90B8EECB1E8D381D009BE58E /* Resources */,
			);
			buildRules = (
			);
			dependencies = (
				90B8EED31E8D381D009BE58E /* PBXTargetDependency */,
			);
			name = LegoCollectionUITests;
			productName = LegoCollectionUITests;
			productReference = 90B8EECD1E8D381D009BE58E /* LegoCollectionUITests.xctest */;
			productType = "com.apple.product-type.bundle.ui-testing";
		};
		90C60B521E622740006941C0 /* LegoCollection */ = {
			isa = PBXNativeTarget;
			buildConfigurationList = 90C60B6A1E622740006941C0 /* Build configuration list for PBXNativeTarget "LegoCollection" */;
			buildPhases = (
				90C60B4F1E622740006941C0 /* Sources */,
				90C60B501E622740006941C0 /* Frameworks */,
				90C60B511E622740006941C0 /* Resources */,
			);
			buildRules = (
			);
			dependencies = (
			);
			name = LegoCollection;
			productName = LegoCollection;
			productReference = 90C60B531E622740006941C0 /* LegoCollection.app */;
			productType = "com.apple.product-type.application";
		};
/* End PBXNativeTarget section */

/* Begin PBXProject section */
		90C60B4B1E622740006941C0 /* Project object */ = {
			isa = PBXProject;
			attributes = {
				LastUpgradeCheck = 0820;
				ORGANIZATIONNAME = "Morgan Davison";
				TargetAttributes = {
					90B8EE931E8B4CEB009BE58E = {
						CreatedOnToolsVersion = 8.2.1;
						DevelopmentTeam = 2TEP68NZCD;
						ProvisioningStyle = Automatic;
						TestTargetID = 90C60B521E622740006941C0;
					};
					90B8EECC1E8D381D009BE58E = {
						CreatedOnToolsVersion = 8.2.1;
						DevelopmentTeam = 2TEP68NZCD;
						ProvisioningStyle = Automatic;
						TestTargetID = 90C60B521E622740006941C0;
					};
					90C60B521E622740006941C0 = {
						CreatedOnToolsVersion = 8.2.1;
						DevelopmentTeam = 2TEP68NZCD;
						LastSwiftMigration = 0820;
						ProvisioningStyle = Automatic;
					};
				};
			};
			buildConfigurationList = 90C60B4E1E622740006941C0 /* Build configuration list for PBXProject "LegoCollection" */;
			compatibilityVersion = "Xcode 3.2";
			developmentRegion = English;
			hasScannedForEncodings = 0;
			knownRegions = (
				en,
				Base,
			);
			mainGroup = 90C60B4A1E622740006941C0;
			productRefGroup = 90C60B541E622740006941C0 /* Products */;
			projectDirPath = "";
			projectRoot = "";
			targets = (
				90C60B521E622740006941C0 /* LegoCollection */,
				90B8EE931E8B4CEB009BE58E /* LegoCollectionTests */,
				90B8EECC1E8D381D009BE58E /* LegoCollectionUITests */,
			);
		};
/* End PBXProject section */

/* Begin PBXResourcesBuildPhase section */
		90B8EE921E8B4CEB009BE58E /* Resources */ = {
			isa = PBXResourcesBuildPhase;
			buildActionMask = 2147483647;
			files = (
			);
			runOnlyForDeploymentPostprocessing = 0;
		};
		90B8EECB1E8D381D009BE58E /* Resources */ = {
			isa = PBXResourcesBuildPhase;
			buildActionMask = 2147483647;
			files = (
			);
			runOnlyForDeploymentPostprocessing = 0;
		};
		90C60B511E622740006941C0 /* Resources */ = {
			isa = PBXResourcesBuildPhase;
			buildActionMask = 2147483647;
			files = (
				90C60B661E622740006941C0 /* LaunchScreen.storyboard in Resources */,
				90C60B631E622740006941C0 /* Assets.xcassets in Resources */,
				90C60B611E622740006941C0 /* Main.storyboard in Resources */,
			);
			runOnlyForDeploymentPostprocessing = 0;
		};
/* End PBXResourcesBuildPhase section */

/* Begin PBXSourcesBuildPhase section */
		90B8EE901E8B4CEB009BE58E /* Sources */ = {
			isa = PBXSourcesBuildPhase;
			buildActionMask = 2147483647;
			files = (
				90B8EE9F1E8B4DF4009BE58E /* SetTests.m in Sources */,
				90B8EE971E8B4CEB009BE58E /* LegoCollectionTests.m in Sources */,
			);
			runOnlyForDeploymentPostprocessing = 0;
		};
		90B8EEC91E8D381D009BE58E /* Sources */ = {
			isa = PBXSourcesBuildPhase;
			buildActionMask = 2147483647;
			files = (
				90B8EED01E8D381D009BE58E /* LegoCollectionUITests.m in Sources */,
			);
			runOnlyForDeploymentPostprocessing = 0;
		};
		90C60B4F1E622740006941C0 /* Sources */ = {
			isa = PBXSourcesBuildPhase;
			buildActionMask = 2147483647;
			files = (
				90B8EE401E796E90009BE58E /* InfoTableViewController.m in Sources */,
				90B8EE3A1E7258CD009BE58E /* BrickResultsTableViewController.m in Sources */,
				90C60B5B1E622740006941C0 /* AppDelegate.m in Sources */,
				90C60B581E622740006941C0 /* main.m in Sources */,
				90B8EE1F1E629252009BE58E /* SearchTableViewController.m in Sources */,
				90B8EE3D1E76C948009BE58E /* FindBrickResultsTableViewController.m in Sources */,
				90B8EE691E83F842009BE58E /* Set+CoreDataProperties.m in Sources */,
				90B8EE251E65C2E2009BE58E /* SetTableViewController.m in Sources */,
				90B8EE671E83F842009BE58E /* Brick+CoreDataProperties.m in Sources */,
				90B8EE431E815C3F009BE58E /* CoreDataStack.m in Sources */,
				90B8EE221E6389D0009BE58E /* ResultsTableViewController.m in Sources */,
				90B8EE341E6FB370009BE58E /* MissingBricksTableViewController.m in Sources */,
				90B8EE2E1E6B74D0009BE58E /* SetDetailTableViewController.m in Sources */,
				90B8EE481E83F04F009BE58E /* LegoCollection.xcdatamodeld in Sources */,
				90B8EE681E83F842009BE58E /* Set.m in Sources */,
				90B8EE661E83F842009BE58E /* Brick.m in Sources */,
			);
			runOnlyForDeploymentPostprocessing = 0;
		};
/* End PBXSourcesBuildPhase section */

/* Begin PBXTargetDependency section */
		90B8EE9A1E8B4CEB009BE58E /* PBXTargetDependency */ = {
			isa = PBXTargetDependency;
			target = 90C60B521E622740006941C0 /* LegoCollection */;
			targetProxy = 90B8EE991E8B4CEB009BE58E /* PBXContainerItemProxy */;
		};
		90B8EED31E8D381D009BE58E /* PBXTargetDependency */ = {
			isa = PBXTargetDependency;
			target = 90C60B521E622740006941C0 /* LegoCollection */;
			targetProxy = 90B8EED21E8D381D009BE58E /* PBXContainerItemProxy */;
		};
/* End PBXTargetDependency section */

/* Begin PBXVariantGroup section */
		90C60B5F1E622740006941C0 /* Main.storyboard */ = {
			isa = PBXVariantGroup;
			children = (
				90C60B601E622740006941C0 /* Base */,
			);
			name = Main.storyboard;
			sourceTree = "<group>";
		};
		90C60B641E622740006941C0 /* LaunchScreen.storyboard */ = {
			isa = PBXVariantGroup;
			children = (
				90C60B651E622740006941C0 /* Base */,
			);
			name = LaunchScreen.storyboard;
			sourceTree = "<group>";
		};
/* End PBXVariantGroup section */

/* Begin XCBuildConfiguration section */
		90B8EE9B1E8B4CEB009BE58E /* Debug */ = {
			isa = XCBuildConfiguration;
			buildSettings = {
				BUNDLE_LOADER = "$(TEST_HOST)";
				DEVELOPMENT_TEAM = 2TEP68NZCD;
				INFOPLIST_FILE = LegoCollectionTests/Info.plist;
				LD_RUNPATH_SEARCH_PATHS = "$(inherited) @executable_path/Frameworks @loader_path/Frameworks";
				PRODUCT_BUNDLE_IDENTIFIER = com.morgandavison.LegoCollectionTests;
				PRODUCT_NAME = "$(TARGET_NAME)";
				TEST_HOST = "$(BUILT_PRODUCTS_DIR)/LegoCollection.app/LegoCollection";
			};
			name = Debug;
		};
		90B8EE9C1E8B4CEB009BE58E /* Release */ = {
			isa = XCBuildConfiguration;
			buildSettings = {
				BUNDLE_LOADER = "$(TEST_HOST)";
				DEVELOPMENT_TEAM = 2TEP68NZCD;
				INFOPLIST_FILE = LegoCollectionTests/Info.plist;
				LD_RUNPATH_SEARCH_PATHS = "$(inherited) @executable_path/Frameworks @loader_path/Frameworks";
				PRODUCT_BUNDLE_IDENTIFIER = com.morgandavison.LegoCollectionTests;
				PRODUCT_NAME = "$(TARGET_NAME)";
				TEST_HOST = "$(BUILT_PRODUCTS_DIR)/LegoCollection.app/LegoCollection";
			};
			name = Release;
		};
		90B8EED51E8D381D009BE58E /* Debug */ = {
			isa = XCBuildConfiguration;
			buildSettings = {
				DEVELOPMENT_TEAM = 2TEP68NZCD;
				INFOPLIST_FILE = LegoCollectionUITests/Info.plist;
				LD_RUNPATH_SEARCH_PATHS = "$(inherited) @executable_path/Frameworks @loader_path/Frameworks";
				PRODUCT_BUNDLE_IDENTIFIER = com.morgandavison.LegoCollectionUITests;
				PRODUCT_NAME = "$(TARGET_NAME)";
				TEST_TARGET_NAME = LegoCollection;
			};
			name = Debug;
		};
		90B8EED61E8D381D009BE58E /* Release */ = {
			isa = XCBuildConfiguration;
			buildSettings = {
				DEVELOPMENT_TEAM = 2TEP68NZCD;
				INFOPLIST_FILE = LegoCollectionUITests/Info.plist;
				LD_RUNPATH_SEARCH_PATHS = "$(inherited) @executable_path/Frameworks @loader_path/Frameworks";
				PRODUCT_BUNDLE_IDENTIFIER = com.morgandavison.LegoCollectionUITests;
				PRODUCT_NAME = "$(TARGET_NAME)";
				TEST_TARGET_NAME = LegoCollection;
			};
			name = Release;
		};
		90C60B681E622740006941C0 /* Debug */ = {
			isa = XCBuildConfiguration;
			buildSettings = {
				ALWAYS_SEARCH_USER_PATHS = NO;
				CLANG_ANALYZER_NONNULL = YES;
				CLANG_CXX_LANGUAGE_STANDARD = "gnu++0x";
				CLANG_CXX_LIBRARY = "libc++";
				CLANG_ENABLE_MODULES = YES;
				CLANG_ENABLE_OBJC_ARC = YES;
				CLANG_WARN_BOOL_CONVERSION = YES;
				CLANG_WARN_CONSTANT_CONVERSION = YES;
				CLANG_WARN_DIRECT_OBJC_ISA_USAGE = YES_ERROR;
				CLANG_WARN_DOCUMENTATION_COMMENTS = YES;
				CLANG_WARN_EMPTY_BODY = YES;
				CLANG_WARN_ENUM_CONVERSION = YES;
				CLANG_WARN_INFINITE_RECURSION = YES;
				CLANG_WARN_INT_CONVERSION = YES;
				CLANG_WARN_OBJC_ROOT_CLASS = YES_ERROR;
				CLANG_WARN_SUSPICIOUS_MOVE = YES;
				CLANG_WARN_UNREACHABLE_CODE = YES;
				CLANG_WARN__DUPLICATE_METHOD_MATCH = YES;
				"CODE_SIGN_IDENTITY[sdk=iphoneos*]" = "iPhone Developer";
				COPY_PHASE_STRIP = NO;
				DEBUG_INFORMATION_FORMAT = dwarf;
				ENABLE_STRICT_OBJC_MSGSEND = YES;
				ENABLE_TESTABILITY = YES;
				GCC_C_LANGUAGE_STANDARD = gnu99;
				GCC_DYNAMIC_NO_PIC = NO;
				GCC_NO_COMMON_BLOCKS = YES;
				GCC_OPTIMIZATION_LEVEL = 0;
				GCC_PREPROCESSOR_DEFINITIONS = (
					"DEBUG=1",
					"$(inherited)",
				);
				GCC_WARN_64_TO_32_BIT_CONVERSION = YES;
				GCC_WARN_ABOUT_RETURN_TYPE = YES_ERROR;
				GCC_WARN_UNDECLARED_SELECTOR = YES;
				GCC_WARN_UNINITIALIZED_AUTOS = YES_AGGRESSIVE;
				GCC_WARN_UNUSED_FUNCTION = YES;
				GCC_WARN_UNUSED_VARIABLE = YES;
				IPHONEOS_DEPLOYMENT_TARGET = 10.3;
				MTL_ENABLE_DEBUG_INFO = YES;
				ONLY_ACTIVE_ARCH = YES;
				SDKROOT = iphoneos;
				TARGETED_DEVICE_FAMILY = "1,2";
			};
			name = Debug;
		};
		90C60B691E622740006941C0 /* Release */ = {
			isa = XCBuildConfiguration;
			buildSettings = {
				ALWAYS_SEARCH_USER_PATHS = NO;
				CLANG_ANALYZER_NONNULL = YES;
				CLANG_CXX_LANGUAGE_STANDARD = "gnu++0x";
				CLANG_CXX_LIBRARY = "libc++";
				CLANG_ENABLE_MODULES = YES;
				CLANG_ENABLE_OBJC_ARC = YES;
				CLANG_WARN_BOOL_CONVERSION = YES;
				CLANG_WARN_CONSTANT_CONVERSION = YES;
				CLANG_WARN_DIRECT_OBJC_ISA_USAGE = YES_ERROR;
				CLANG_WARN_DOCUMENTATION_COMMENTS = YES;
				CLANG_WARN_EMPTY_BODY = YES;
				CLANG_WARN_ENUM_CONVERSION = YES;
				CLANG_WARN_INFINITE_RECURSION = YES;
				CLANG_WARN_INT_CONVERSION = YES;
				CLANG_WARN_OBJC_ROOT_CLASS = YES_ERROR;
				CLANG_WARN_SUSPICIOUS_MOVE = YES;
				CLANG_WARN_UNREACHABLE_CODE = YES;
				CLANG_WARN__DUPLICATE_METHOD_MATCH = YES;
				"CODE_SIGN_IDENTITY[sdk=iphoneos*]" = "iPhone Developer";
				COPY_PHASE_STRIP = NO;
				DEBUG_INFORMATION_FORMAT = "dwarf-with-dsym";
				ENABLE_NS_ASSERTIONS = NO;
				ENABLE_STRICT_OBJC_MSGSEND = YES;
				GCC_C_LANGUAGE_STANDARD = gnu99;
				GCC_NO_COMMON_BLOCKS = YES;
				GCC_WARN_64_TO_32_BIT_CONVERSION = YES;
				GCC_WARN_ABOUT_RETURN_TYPE = YES_ERROR;
				GCC_WARN_UNDECLARED_SELECTOR = YES;
				GCC_WARN_UNINITIALIZED_AUTOS = YES_AGGRESSIVE;
				GCC_WARN_UNUSED_FUNCTION = YES;
				GCC_WARN_UNUSED_VARIABLE = YES;
				IPHONEOS_DEPLOYMENT_TARGET = 10.3;
				MTL_ENABLE_DEBUG_INFO = NO;
				SDKROOT = iphoneos;
				TARGETED_DEVICE_FAMILY = "1,2";
				VALIDATE_PRODUCT = YES;
			};
			name = Release;
		};
		90C60B6B1E622740006941C0 /* Debug */ = {
			isa = XCBuildConfiguration;
			buildSettings = {
				ASSETCATALOG_COMPILER_APPICON_NAME = AppIcon;
				CLANG_ENABLE_MODULES = YES;
				DEVELOPMENT_TEAM = 2TEP68NZCD;
				INFOPLIST_FILE = LegoCollection/Info.plist;
				IPHONEOS_DEPLOYMENT_TARGET = 10.3;
				LD_RUNPATH_SEARCH_PATHS = "$(inherited) @executable_path/Frameworks";
				PRODUCT_BUNDLE_IDENTIFIER = com.morgandavison.LegoCollection;
				PRODUCT_NAME = "$(TARGET_NAME)";
				SWIFT_OBJC_BRIDGING_HEADER = "LegoCollection/LegoCollection-Bridging-Header.h";
				SWIFT_OPTIMIZATION_LEVEL = "-Onone";
				SWIFT_VERSION = 3.0;
			};
			name = Debug;
		};
		90C60B6C1E622740006941C0 /* Release */ = {
			isa = XCBuildConfiguration;
			buildSettings = {
				ASSETCATALOG_COMPILER_APPICON_NAME = AppIcon;
				CLANG_ENABLE_MODULES = YES;
				DEVELOPMENT_TEAM = 2TEP68NZCD;
				INFOPLIST_FILE = LegoCollection/Info.plist;
				IPHONEOS_DEPLOYMENT_TARGET = 10.3;
				LD_RUNPATH_SEARCH_PATHS = "$(inherited) @executable_path/Frameworks";
				PRODUCT_BUNDLE_IDENTIFIER = com.morgandavison.LegoCollection;
				PRODUCT_NAME = "$(TARGET_NAME)";
				SWIFT_OBJC_BRIDGING_HEADER = "LegoCollection/LegoCollection-Bridging-Header.h";
				SWIFT_VERSION = 3.0;
			};
			name = Release;
		};
/* End XCBuildConfiguration section */

/* Begin XCConfigurationList section */
		90B8EE9D1E8B4CEB009BE58E /* Build configuration list for PBXNativeTarget "LegoCollectionTests" */ = {
			isa = XCConfigurationList;
			buildConfigurations = (
				90B8EE9B1E8B4CEB009BE58E /* Debug */,
				90B8EE9C1E8B4CEB009BE58E /* Release */,
			);
			defaultConfigurationIsVisible = 0;
			defaultConfigurationName = Release;
		};
		90B8EED41E8D381D009BE58E /* Build configuration list for PBXNativeTarget "LegoCollectionUITests" */ = {
			isa = XCConfigurationList;
			buildConfigurations = (
				90B8EED51E8D381D009BE58E /* Debug */,
				90B8EED61E8D381D009BE58E /* Release */,
			);
			defaultConfigurationIsVisible = 0;
			defaultConfigurationName = Release;
		};
		90C60B4E1E622740006941C0 /* Build configuration list for PBXProject "LegoCollection" */ = {
			isa = XCConfigurationList;
			buildConfigurations = (
				90C60B681E622740006941C0 /* Debug */,
				90C60B691E622740006941C0 /* Release */,
			);
			defaultConfigurationIsVisible = 0;
			defaultConfigurationName = Release;
		};
		90C60B6A1E622740006941C0 /* Build configuration list for PBXNativeTarget "LegoCollection" */ = {
			isa = XCConfigurationList;
			buildConfigurations = (
				90C60B6B1E622740006941C0 /* Debug */,
				90C60B6C1E622740006941C0 /* Release */,
			);
			defaultConfigurationIsVisible = 0;
			defaultConfigurationName = Release;
		};
/* End XCConfigurationList section */

/* Begin XCVersionGroup section */
		90B8EE461E83F04F009BE58E /* LegoCollection.xcdatamodeld */ = {
			isa = XCVersionGroup;
			children = (
				90BCD76B1E93D23100F4801B /* LegoCollectionV2.xcdatamodel */,
				90B8EE471E83F04F009BE58E /* LegoCollection.xcdatamodel */,
			);
			currentVersion = 90BCD76B1E93D23100F4801B /* LegoCollectionV2.xcdatamodel */;
			path = LegoCollection.xcdatamodeld;
			sourceTree = "<group>";
			versionGroupType = wrapper.xcdatamodel;
		};
/* End XCVersionGroup section */
	};
	rootObject = 90C60B4B1E622740006941C0 /* Project object */;
}
